Microsoft Visual Studio Solution File, Format Version 12.00
# Visual Studio Version 17
VisualStudioVersion = 17.5.2.0
MinimumVisualStudioVersion = 10.0.40219.1
Project("{FAE04EC0-301F-11D3-BF4B-00C04F79EFBC}") = "WeeklyReportApp", "WeeklyReportApp.csproj", "{D154E2B8-B5E2-F264-0E8B-ABB7A9FA8EE1}"
EndProject
Global
	GlobalSection(SolutionConfigurationPlatforms) = preSolution
		Debug|Any CPU = Debug|Any CPU
		Release|Any CPU = Release|Any CPU
	EndGlobalSection
	GlobalSection(ProjectConfigurationPlatforms) = postSolution
		{D154E2B8-B5E2-F264-0E8B-ABB7A9FA8EE1}.Debug|Any CPU.ActiveCfg = Debug|Any CPU
		{D154E2B8-B5E2-F264-0E8B-ABB7A9FA8EE1}.Debug|Any CPU.Build.0 = Debug|Any CPU
		{D154E2B8-B5E2-F264-0E8B-ABB7A9FA8EE1}.Release|Any CPU.ActiveCfg = Release|Any CPU
		{D154E2B8-B5E2-F264-0E8B-ABB7A9FA8EE1}.Release|Any CPU.Build.0 = Release|Any CPU
	EndGlobalSection
	GlobalSection(SolutionProperties) = preSolution
		HideSolutionNode = FALSE
	EndGlobalSection
	GlobalSection(ExtensibilityGlobals) = postSolution
		SolutionGuid = {64728CED-5D44-42B0-837A-49D38C88E8FC}
	EndGlobalSection
EndGlobal
